
Microsoft Visual Studio Solution File, Format Version 12.00
# Visual Studio 15
Project("{FAE04EC0-301F-11D3-BF4B-00C04F79EFBC}") = "RxUISamples.Android", "RxUISamples.Android\RxUISamples.Android.csproj", "{1991962F-166E-4E64-A861-BC90D6217451}"
EndProject
Project("{FAE04EC0-301F-11D3-BF4B-00C04F79EFBC}") = "RxUISamples.iOS", "RxUISamples.iOS\RxUISamples.iOS.csproj", "{B9B8624D-4446-4D4E-BE6E-63CCB302A65F}"
EndProject
Project("{FAE04EC0-301F-11D3-BF4B-00C04F79EFBC}") = "RxUISamples", "RxUISamples\RxUISamples.csproj", "{75D7BF82-DE07-45C6-A090-0B690815A8B4}"
EndProject
Global
	GlobalSection(SolutionConfigurationPlatforms) = preSolution
		Debug|Any CPU = Debug|Any CPU
		Release|Any CPU = Release|Any CPU
		Debug|iPhoneSimulator = Debug|iPhoneSimulator
		Release|iPhoneSimulator = Release|iPhoneSimulator
		Debug|iPhone = Debug|iPhone
		Release|iPhone = Release|iPhone
	EndGlobalSection
	GlobalSection(ProjectConfigurationPlatforms) = postSolution
		{1991962F-166E-4E64-A861-BC90D6217451}.Debug|Any CPU.ActiveCfg = Debug|Any CPU
		{1991962F-166E-4E64-A861-BC90D6217451}.Debug|Any CPU.Build.0 = Debug|Any CPU
		{1991962F-166E-4E64-A861-BC90D6217451}.Release|Any CPU.ActiveCfg = Release|Any CPU
		{1991962F-166E-4E64-A861-BC90D6217451}.Release|Any CPU.Build.0 = Release|Any CPU
		{1991962F-166E-4E64-A861-BC90D6217451}.Debug|iPhoneSimulator.ActiveCfg = Debug|Any CPU
		{1991962F-166E-4E64-A861-BC90D6217451}.Debug|iPhoneSimulator.Build.0 = Debug|Any CPU
		{1991962F-166E-4E64-A861-BC90D6217451}.Release|iPhoneSimulator.ActiveCfg = Release|Any CPU
		{1991962F-166E-4E64-A861-BC90D6217451}.Release|iPhoneSimulator.Build.0 = Release|Any CPU
		{1991962F-166E-4E64-A861-BC90D6217451}.Debug|iPhone.ActiveCfg = Debug|Any CPU
		{1991962F-166E-4E64-A861-BC90D6217451}.Debug|iPhone.Build.0 = Debug|Any CPU
		{1991962F-166E-4E64-A861-BC90D6217451}.Release|iPhone.ActiveCfg = Release|Any CPU
		{1991962F-166E-4E64-A861-BC90D6217451}.Release|iPhone.Build.0 = Release|Any CPU
		{B9B8624D-4446-4D4E-BE6E-63CCB302A65F}.Debug|Any CPU.ActiveCfg = Debug|iPhoneSimulator
		{B9B8624D-4446-4D4E-BE6E-63CCB302A65F}.Debug|Any CPU.Build.0 = Debug|iPhoneSimulator
		{B9B8624D-4446-4D4E-BE6E-63CCB302A65F}.Release|Any CPU.ActiveCfg = Release|iPhoneSimulator
		{B9B8624D-4446-4D4E-BE6E-63CCB302A65F}.Release|Any CPU.Build.0 = Release|iPhoneSimulator
		{B9B8624D-4446-4D4E-BE6E-63CCB302A65F}.Debug|iPhoneSimulator.ActiveCfg = Debug|iPhoneSimulator
		{B9B8624D-4446-4D4E-BE6E-63CCB302A65F}.Debug|iPhoneSimulator.Build.0 = Debug|iPhoneSimulator
		{B9B8624D-4446-4D4E-BE6E-63CCB302A65F}.Release|iPhoneSimulator.ActiveCfg = Release|iPhoneSimulator
		{B9B8624D-4446-4D4E-BE6E-63CCB302A65F}.Release|iPhoneSimulator.Build.0 = Release|iPhoneSimulator
		{B9B8624D-4446-4D4E-BE6E-63CCB302A65F}.Debug|iPhone.ActiveCfg = Debug|iPhone
		{B9B8624D-4446-4D4E-BE6E-63CCB302A65F}.Debug|iPhone.Build.0 = Debug|iPhone
		{B9B8624D-4446-4D4E-BE6E-63CCB302A65F}.Release|iPhone.ActiveCfg = Release|iPhone
		{B9B8624D-4446-4D4E-BE6E-63CCB302A65F}.Release|iPhone.Build.0 = Release|iPhone
		{75D7BF82-DE07-45C6-A090-0B690815A8B4}.Debug|Any CPU.ActiveCfg = Debug|Any CPU
		{75D7BF82-DE07-45C6-A090-0B690815A8B4}.Debug|Any CPU.Build.0 = Debug|Any CPU
		{75D7BF82-DE07-45C6-A090-0B690815A8B4}.Release|Any CPU.ActiveCfg = Release|Any CPU
		{75D7BF82-DE07-45C6-A090-0B690815A8B4}.Release|Any CPU.Build.0 = Release|Any CPU
		{75D7BF82-DE07-45C6-A090-0B690815A8B4}.Debug|iPhoneSimulator.ActiveCfg = Debug|Any CPU
		{75D7BF82-DE07-45C6-A090-0B690815A8B4}.Debug|iPhoneSimulator.Build.0 = Debug|Any CPU
		{75D7BF82-DE07-45C6-A090-0B690815A8B4}.Release|iPhoneSimulator.ActiveCfg = Release|Any CPU
		{75D7BF82-DE07-45C6-A090-0B690815A8B4}.Release|iPhoneSimulator.Build.0 = Release|Any CPU
		{75D7BF82-DE07-45C6-A090-0B690815A8B4}.Debug|iPhone.ActiveCfg = Debug|Any CPU
		{75D7BF82-DE07-45C6-A090-0B690815A8B4}.Debug|iPhone.Build.0 = Debug|Any CPU
		{75D7BF82-DE07-45C6-A090-0B690815A8B4}.Release|iPhone.ActiveCfg = Release|Any CPU
		{75D7BF82-DE07-45C6-A090-0B690815A8B4}.Release|iPhone.Build.0 = Release|Any CPU
	EndGlobalSection
EndGlobal
